// !$*UTF8*$!
{
	archiveVersion = 1;
	classes = {
	};
	objectVersion = 56;
	objects = {

/* Begin PBXBuildFile section */
		9737D77F2AA115E600F15B60 /* Todo_ListApp.swift in Sources */ = {isa = PBXBuildFile; fileRef = 9737D77E2AA115E600F15B60 /* Todo_ListApp.swift */; };
		9737D7812AA115E600F15B60 /* MainView.swift in Sources */ = {isa = PBXBuildFile; fileRef = 9737D7802AA115E600F15B60 /* MainView.swift */; };
		9737D7832AA115E800F15B60 /* Assets.xcassets in Resources */ = {isa = PBXBuildFile; fileRef = 9737D7822AA115E800F15B60 /* Assets.xcassets */; };
		9737D7862AA115E800F15B60 /* Preview Assets.xcassets in Resources */ = {isa = PBXBuildFile; fileRef = 9737D7852AA115E800F15B60 /* Preview Assets.xcassets */; };
		9737D78F2AA1185500F15B60 /* GoogleService-Info.plist in Resources */ = {isa = PBXBuildFile; fileRef = 9737D78E2AA1185500F15B60 /* GoogleService-Info.plist */; };
		9737D7922AA11A4600F15B60 /* FirebaseAuth in Frameworks */ = {isa = PBXBuildFile; productRef = 9737D7912AA11A4600F15B60 /* FirebaseAuth */; };
		9737D7942AA11A4600F15B60 /* FirebaseFirestore in Frameworks */ = {isa = PBXBuildFile; productRef = 9737D7932AA11A4600F15B60 /* FirebaseFirestore */; };
		9737D7962AA11A4600F15B60 /* FirebaseFirestoreSwift in Frameworks */ = {isa = PBXBuildFile; productRef = 9737D7952AA11A4600F15B60 /* FirebaseFirestoreSwift */; };
		9737D79D2AA11BB100F15B60 /* ProfileView.swift in Sources */ = {isa = PBXBuildFile; fileRef = 9737D79C2AA11BB100F15B60 /* ProfileView.swift */; };
		9737D79F2AA11BC300F15B60 /* TodoListView.swift in Sources */ = {isa = PBXBuildFile; fileRef = 9737D79E2AA11BC300F15B60 /* TodoListView.swift */; };
		9737D7A12AA11BD500F15B60 /* NewItemView.swift in Sources */ = {isa = PBXBuildFile; fileRef = 9737D7A02AA11BD500F15B60 /* NewItemView.swift */; };
		9737D7A32AA11BEA00F15B60 /* LoginView.swift in Sources */ = {isa = PBXBuildFile; fileRef = 9737D7A22AA11BEA00F15B60 /* LoginView.swift */; };
		9737D7A52AA11BF500F15B60 /* RegisterView.swift in Sources */ = {isa = PBXBuildFile; fileRef = 9737D7A42AA11BF500F15B60 /* RegisterView.swift */; };
		9737D7A72AA11C1C00F15B60 /* TodoListItemView.swift in Sources */ = {isa = PBXBuildFile; fileRef = 9737D7A62AA11C1C00F15B60 /* TodoListItemView.swift */; };
		9737D7A92AA11C5F00F15B60 /* User.swift in Sources */ = {isa = PBXBuildFile; fileRef = 9737D7A82AA11C5F00F15B60 /* User.swift */; };
		9737D7AB2AA11C6C00F15B60 /* TodoItem.swift in Sources */ = {isa = PBXBuildFile; fileRef = 9737D7AA2AA11C6C00F15B60 /* TodoItem.swift */; };
		9737D7AD2AA11C9800F15B60 /* MainViewModel.swift in Sources */ = {isa = PBXBuildFile; fileRef = 9737D7AC2AA11C9800F15B60 /* MainViewModel.swift */; };
		9737D7AF2AA11CA100F15B60 /* ProfileViewModel.swift in Sources */ = {isa = PBXBuildFile; fileRef = 9737D7AE2AA11CA100F15B60 /* ProfileViewModel.swift */; };
		9737D7B12AA11CAC00F15B60 /* TodoListViewModel.swift in Sources */ = {isa = PBXBuildFile; fileRef = 9737D7B02AA11CAC00F15B60 /* TodoListViewModel.swift */; };
		9737D7B32AA11CBC00F15B60 /* NewItemViewModel.swift in Sources */ = {isa = PBXBuildFile; fileRef = 9737D7B22AA11CBC00F15B60 /* NewItemViewModel.swift */; };
		9737D7B52AA11CC300F15B60 /* LoginViewModel.swift in Sources */ = {isa = PBXBuildFile; fileRef = 9737D7B42AA11CC300F15B60 /* LoginViewModel.swift */; };
		9737D7B72AA11CCB00F15B60 /* RegisterViewModel.swift in Sources */ = {isa = PBXBuildFile; fileRef = 9737D7B62AA11CCB00F15B60 /* RegisterViewModel.swift */; };
		97645B632AA3098F00850D13 /* HeaderView.swift in Sources */ = {isa = PBXBuildFile; fileRef = 97645B622AA3098F00850D13 /* HeaderView.swift */; };
		97645B652AA3143300850D13 /* TLButton.swift in Sources */ = {isa = PBXBuildFile; fileRef = 97645B642AA3143300850D13 /* TLButton.swift */; };
		97645B672AA31E3F00850D13 /* Extenstions.swift in Sources */ = {isa = PBXBuildFile; fileRef = 97645B662AA31E3F00850D13 /* Extenstions.swift */; };
		97645B692AA3218E00850D13 /* Constanst.swift in Sources */ = {isa = PBXBuildFile; fileRef = 97645B682AA3218E00850D13 /* Constanst.swift */; };
		97645B6B2AA332CF00850D13 /* TodoListItemViewModel.swift in Sources */ = {isa = PBXBuildFile; fileRef = 97645B6A2AA332CF00850D13 /* TodoListItemViewModel.swift */; };
/* End PBXBuildFile section */

/* Begin PBXFileReference section */
		9737D77B2AA115E600F15B60 /* Todo List.app */ = {isa = PBXFileReference; explicitFileType = wrapper.application; includeInIndex = 0; path = "Todo List.app"; sourceTree = BUILT_PRODUCTS_DIR; };
		9737D77E2AA115E600F15B60 /* Todo_ListApp.swift */ = {isa = PBXFileReference; lastKnownFileType = sourcecode.swift; path = Todo_ListApp.swift; sourceTree = "<group>"; };
		9737D7802AA115E600F15B60 /* MainView.swift */ = {isa = PBXFileReference; lastKnownFileType = sourcecode.swift; path = MainView.swift; sourceTree = "<group>"; };
		9737D7822AA115E800F15B60 /* Assets.xcassets */ = {isa = PBXFileReference; lastKnownFileType = folder.assetcatalog; path = Assets.xcassets; sourceTree = "<group>"; };
		9737D7852AA115E800F15B60 /* Preview Assets.xcassets */ = {isa = PBXFileReference; lastKnownFileType = folder.assetcatalog; path = "Preview Assets.xcassets"; sourceTree = "<group>"; };
		9737D78E2AA1185500F15B60 /* GoogleService-Info.plist */ = {isa = PBXFileReference; fileEncoding = 4; lastKnownFileType = text.plist.xml; path = "GoogleService-Info.plist"; sourceTree = "<group>"; };
		9737D79C2AA11BB100F15B60 /* ProfileView.swift */ = {isa = PBXFileReference; lastKnownFileType = sourcecode.swift; path = ProfileView.swift; sourceTree = "<group>"; };
		9737D79E2AA11BC300F15B60 /* TodoListView.swift */ = {isa = PBXFileReference; lastKnownFileType = sourcecode.swift; path = TodoListView.swift; sourceTree = "<group>"; };
		9737D7A02AA11BD500F15B60 /* NewItemView.swift */ = {isa = PBXFileReference; lastKnownFileType = sourcecode.swift; path = NewItemView.swift; sourceTree = "<group>"; };
		9737D7A22AA11BEA00F15B60 /* LoginView.swift */ = {isa = PBXFileReference; lastKnownFileType = sourcecode.swift; path = LoginView.swift; sourceTree = "<group>"; };
		9737D7A42AA11BF500F15B60 /* RegisterView.swift */ = {isa = PBXFileReference; lastKnownFileType = sourcecode.swift; path = RegisterView.swift; sourceTree = "<group>"; };
		9737D7A62AA11C1C00F15B60 /* TodoListItemView.swift */ = {isa = PBXFileReference; lastKnownFileType = sourcecode.swift; path = TodoListItemView.swift; sourceTree = "<group>"; };
		9737D7A82AA11C5F00F15B60 /* User.swift */ = {isa = PBXFileReference; lastKnownFileType = sourcecode.swift; path = User.swift; sourceTree = "<group>"; };
		9737D7AA2AA11C6C00F15B60 /* TodoItem.swift */ = {isa = PBXFileReference; lastKnownFileType = sourcecode.swift; path = TodoItem.swift; sourceTree = "<group>"; };
		9737D7AC2AA11C9800F15B60 /* MainViewModel.swift */ = {isa = PBXFileReference; lastKnownFileType = sourcecode.swift; path = MainViewModel.swift; sourceTree = "<group>"; };
		9737D7AE2AA11CA100F15B60 /* ProfileViewModel.swift */ = {isa = PBXFileReference; lastKnownFileType = sourcecode.swift; path = ProfileViewModel.swift; sourceTree = "<group>"; };
		9737D7B02AA11CAC00F15B60 /* TodoListViewModel.swift */ = {isa = PBXFileReference; lastKnownFileType = sourcecode.swift; path = TodoListViewModel.swift; sourceTree = "<group>"; };
		9737D7B22AA11CBC00F15B60 /* NewItemViewModel.swift */ = {isa = PBXFileReference; lastKnownFileType = sourcecode.swift; path = NewItemViewModel.swift; sourceTree = "<group>"; };
		9737D7B42AA11CC300F15B60 /* LoginViewModel.swift */ = {isa = PBXFileReference; lastKnownFileType = sourcecode.swift; path = LoginViewModel.swift; sourceTree = "<group>"; };
		9737D7B62AA11CCB00F15B60 /* RegisterViewModel.swift */ = {isa = PBXFileReference; lastKnownFileType = sourcecode.swift; path = RegisterViewModel.swift; sourceTree = "<group>"; };
		97645B622AA3098F00850D13 /* HeaderView.swift */ = {isa = PBXFileReference; lastKnownFileType = sourcecode.swift; path = HeaderView.swift; sourceTree = "<group>"; };
		97645B642AA3143300850D13 /* TLButton.swift */ = {isa = PBXFileReference; lastKnownFileType = sourcecode.swift; path = TLButton.swift; sourceTree = "<group>"; };
		97645B662AA31E3F00850D13 /* Extenstions.swift */ = {isa = PBXFileReference; lastKnownFileType = sourcecode.swift; path = Extenstions.swift; sourceTree = "<group>"; };
		97645B682AA3218E00850D13 /* Constanst.swift */ = {isa = PBXFileReference; lastKnownFileType = sourcecode.swift; path = Constanst.swift; sourceTree = "<group>"; };
		97645B6A2AA332CF00850D13 /* TodoListItemViewModel.swift */ = {isa = PBXFileReference; lastKnownFileType = sourcecode.swift; path = TodoListItemViewModel.swift; sourceTree = "<group>"; };
/* End PBXFileReference section */

/* Begin PBXFrameworksBuildPhase section */
		9737D7782AA115E600F15B60 /* Frameworks */ = {
			isa = PBXFrameworksBuildPhase;
			buildActionMask = 2147483647;
			files = (
				9737D7922AA11A4600F15B60 /* FirebaseAuth in Frameworks */,
				9737D7942AA11A4600F15B60 /* FirebaseFirestore in Frameworks */,
				9737D7962AA11A4600F15B60 /* FirebaseFirestoreSwift in Frameworks */,
			);
			runOnlyForDeploymentPostprocessing = 0;
		};
/* End PBXFrameworksBuildPhase section */

/* Begin PBXGroup section */
		9737D7722AA115E600F15B60 = {
			isa = PBXGroup;
			children = (
				9737D77D2AA115E600F15B60 /* Todo List */,
				9737D77C2AA115E600F15B60 /* Products */,
			);
			sourceTree = "<group>";
		};
		9737D77C2AA115E600F15B60 /* Products */ = {
			isa = PBXGroup;
			children = (
				9737D77B2AA115E600F15B60 /* Todo List.app */,
			);
			name = Products;
			sourceTree = "<group>";
		};
		9737D77D2AA115E600F15B60 /* Todo List */ = {
			isa = PBXGroup;
			children = (
				9737D79B2AA11AFC00F15B60 /* Other */,
				9737D79A2AA11AF400F15B60 /* Models */,
				9737D7992AA11AEC00F15B60 /* ViewModels */,
				9737D7972AA11ADB00F15B60 /* Views */,
				9737D7842AA115E800F15B60 /* Preview Content */,
			);
			path = "Todo List";
			sourceTree = "<group>";
		};
		9737D7842AA115E800F15B60 /* Preview Content */ = {
			isa = PBXGroup;
			children = (
				9737D7852AA115E800F15B60 /* Preview Assets.xcassets */,
			);
			path = "Preview Content";
			sourceTree = "<group>";
		};
		9737D7972AA11ADB00F15B60 /* Views */ = {
			isa = PBXGroup;
			children = (
				9737D7802AA115E600F15B60 /* MainView.swift */,
				9737D79C2AA11BB100F15B60 /* ProfileView.swift */,
				9737D79E2AA11BC300F15B60 /* TodoListView.swift */,
				9737D7A02AA11BD500F15B60 /* NewItemView.swift */,
				9737D7A22AA11BEA00F15B60 /* LoginView.swift */,
				9737D7A42AA11BF500F15B60 /* RegisterView.swift */,
				9737D7A62AA11C1C00F15B60 /* TodoListItemView.swift */,
				97645B622AA3098F00850D13 /* HeaderView.swift */,
				97645B642AA3143300850D13 /* TLButton.swift */,
			);
			path = Views;
			sourceTree = "<group>";
		};
		9737D7992AA11AEC00F15B60 /* ViewModels */ = {
			isa = PBXGroup;
			children = (
				9737D7AC2AA11C9800F15B60 /* MainViewModel.swift */,
				9737D7AE2AA11CA100F15B60 /* ProfileViewModel.swift */,
				9737D7B02AA11CAC00F15B60 /* TodoListViewModel.swift */,
				9737D7B22AA11CBC00F15B60 /* NewItemViewModel.swift */,
				9737D7B42AA11CC300F15B60 /* LoginViewModel.swift */,
				9737D7B62AA11CCB00F15B60 /* RegisterViewModel.swift */,
				97645B6A2AA332CF00850D13 /* TodoListItemViewModel.swift */,
			);
			path = ViewModels;
			sourceTree = "<group>";
		};
		9737D79A2AA11AF400F15B60 /* Models */ = {
			isa = PBXGroup;
			children = (
				9737D7A82AA11C5F00F15B60 /* User.swift */,
				9737D7AA2AA11C6C00F15B60 /* TodoItem.swift */,
			);
			path = Models;
			sourceTree = "<group>";
		};
		9737D79B2AA11AFC00F15B60 /* Other */ = {
			isa = PBXGroup;
			children = (
				9737D7822AA115E800F15B60 /* Assets.xcassets */,
				9737D77E2AA115E600F15B60 /* Todo_ListApp.swift */,
				9737D78E2AA1185500F15B60 /* GoogleService-Info.plist */,
				97645B662AA31E3F00850D13 /* Extenstions.swift */,
				97645B682AA3218E00850D13 /* Constanst.swift */,
			);
			path = Other;
			sourceTree = "<group>";
		};
/* End PBXGroup section */

/* Begin PBXNativeTarget section */
		9737D77A2AA115E600F15B60 /* Todo List */ = {
			isa = PBXNativeTarget;
			buildConfigurationList = 9737D7892AA115E800F15B60 /* Build configuration list for PBXNativeTarget "Todo List" */;
			buildPhases = (
				9737D7772AA115E600F15B60 /* Sources */,
				9737D7782AA115E600F15B60 /* Frameworks */,
				9737D7792AA115E600F15B60 /* Resources */,
			);
			buildRules = (
			);
			dependencies = (
			);
			name = "Todo List";
			packageProductDependencies = (
				9737D7912AA11A4600F15B60 /* FirebaseAuth */,
				9737D7932AA11A4600F15B60 /* FirebaseFirestore */,
				9737D7952AA11A4600F15B60 /* FirebaseFirestoreSwift */,
			);
			productName = "Todo List";
			productReference = 9737D77B2AA115E600F15B60 /* Todo List.app */;
			productType = "com.apple.product-type.application";
		};
/* End PBXNativeTarget section */

/* Begin PBXProject section */
		9737D7732AA115E600F15B60 /* Project object */ = {
			isa = PBXProject;
			attributes = {
				BuildIndependentTargetsInParallel = 1;
				LastSwiftUpdateCheck = 1430;
				LastUpgradeCheck = 1430;
				TargetAttributes = {
					9737D77A2AA115E600F15B60 = {
						CreatedOnToolsVersion = 14.3.1;
					};
				};
			};
			buildConfigurationList = 9737D7762AA115E600F15B60 /* Build configuration list for PBXProject "Todo List" */;
			compatibilityVersion = "Xcode 14.0";
			developmentRegion = en;
			hasScannedForEncodings = 0;
			knownRegions = (
				en,
				Base,
			);
			mainGroup = 9737D7722AA115E600F15B60;
			packageReferences = (
				9737D7902AA11A4600F15B60 /* XCRemoteSwiftPackageReference "firebase-ios-sdk" */,
			);
			productRefGroup = 9737D77C2AA115E600F15B60 /* Products */;
			projectDirPath = "";
			projectRoot = "";
			targets = (
				9737D77A2AA115E600F15B60 /* Todo List */,
			);
		};
/* End PBXProject section */

/* Begin PBXResourcesBuildPhase section */
		9737D7792AA115E600F15B60 /* Resources */ = {
			isa = PBXResourcesBuildPhase;
			buildActionMask = 2147483647;
			files = (
				9737D7862AA115E800F15B60 /* Preview Assets.xcassets in Resources */,
				9737D7832AA115E800F15B60 /* Assets.xcassets in Resources */,
				9737D78F2AA1185500F15B60 /* GoogleService-Info.plist in Resources */,
			);
			runOnlyForDeploymentPostprocessing = 0;
		};
/* End PBXResourcesBuildPhase section */

/* Begin PBXSourcesBuildPhase section */
		9737D7772AA115E600F15B60 /* Sources */ = {
			isa = PBXSourcesBuildPhase;
			buildActionMask = 2147483647;
			files = (
				9737D7AB2AA11C6C00F15B60 /* TodoItem.swift in Sources */,
				97645B652AA3143300850D13 /* TLButton.swift in Sources */,
				9737D7A32AA11BEA00F15B60 /* LoginView.swift in Sources */,
				9737D7B12AA11CAC00F15B60 /* TodoListViewModel.swift in Sources */,
				9737D7B72AA11CCB00F15B60 /* RegisterViewModel.swift in Sources */,
				9737D7AD2AA11C9800F15B60 /* MainViewModel.swift in Sources */,
				9737D7812AA115E600F15B60 /* MainView.swift in Sources */,
				97645B692AA3218E00850D13 /* Constanst.swift in Sources */,
				97645B6B2AA332CF00850D13 /* TodoListItemViewModel.swift in Sources */,
				97645B632AA3098F00850D13 /* HeaderView.swift in Sources */,
				9737D79F2AA11BC300F15B60 /* TodoListView.swift in Sources */,
				9737D7AF2AA11CA100F15B60 /* ProfileViewModel.swift in Sources */,
				9737D7A52AA11BF500F15B60 /* RegisterView.swift in Sources */,
				9737D7B52AA11CC300F15B60 /* LoginViewModel.swift in Sources */,
				9737D7B32AA11CBC00F15B60 /* NewItemViewModel.swift in Sources */,
				97645B672AA31E3F00850D13 /* Extenstions.swift in Sources */,
				9737D79D2AA11BB100F15B60 /* ProfileView.swift in Sources */,
				9737D7A92AA11C5F00F15B60 /* User.swift in Sources */,
				9737D7A72AA11C1C00F15B60 /* TodoListItemView.swift in Sources */,
				9737D77F2AA115E600F15B60 /* Todo_ListApp.swift in Sources */,
				9737D7A12AA11BD500F15B60 /* NewItemView.swift in Sources */,
			);
			runOnlyForDeploymentPostprocessing = 0;
		};
/* End PBXSourcesBuildPhase section */

/* Begin XCBuildConfiguration section */
		9737D7872AA115E800F15B60 /* Debug */ = {
			isa = XCBuildConfiguration;
			buildSettings = {
				ALWAYS_SEARCH_USER_PATHS = NO;
				CLANG_ANALYZER_NONNULL = YES;
				CLANG_ANALYZER_NUMBER_OBJECT_CONVERSION = YES_AGGRESSIVE;
				CLANG_CXX_LANGUAGE_STANDARD = "gnu++20";
				CLANG_ENABLE_MODULES = YES;
				CLANG_ENABLE_OBJC_ARC = YES;
				CLANG_ENABLE_OBJC_WEAK = YES;
				CLANG_WARN_BLOCK_CAPTURE_AUTORELEASING = YES;
				CLANG_WARN_BOOL_CONVERSION = YES;
				CLANG_WARN_COMMA = YES;
				CLANG_WARN_CONSTANT_CONVERSION = YES;
				CLANG_WARN_DEPRECATED_OBJC_IMPLEMENTATIONS = YES;
				CLANG_WARN_DIRECT_OBJC_ISA_USAGE = YES_ERROR;
				CLANG_WARN_DOCUMENTATION_COMMENTS = YES;
				CLANG_WARN_EMPTY_BODY = YES;
				CLANG_WARN_ENUM_CONVERSION = YES;
				CLANG_WARN_INFINITE_RECURSION = YES;
				CLANG_WARN_INT_CONVERSION = YES;
				CLANG_WARN_NON_LITERAL_NULL_CONVERSION = YES;
				CLANG_WARN_OBJC_IMPLICIT_RETAIN_SELF = YES;
				CLANG_WARN_OBJC_LITERAL_CONVERSION = YES;
				CLANG_WARN_OBJC_ROOT_CLASS = YES_ERROR;
				CLANG_WARN_QUOTED_INCLUDE_IN_FRAMEWORK_HEADER = YES;
				CLANG_WARN_RANGE_LOOP_ANALYSIS = YES;
				CLANG_WARN_STRICT_PROTOTYPES = YES;
				CLANG_WARN_SUSPICIOUS_MOVE = YES;
				CLANG_WARN_UNGUARDED_AVAILABILITY = YES_AGGRESSIVE;
				CLANG_WARN_UNREACHABLE_CODE = YES;
				CLANG_WARN__DUPLICATE_METHOD_MATCH = YES;
				COPY_PHASE_STRIP = NO;
				DEBUG_INFORMATION_FORMAT = dwarf;
				ENABLE_STRICT_OBJC_MSGSEND = YES;
				ENABLE_TESTABILITY = YES;
				GCC_C_LANGUAGE_STANDARD = gnu11;
				GCC_DYNAMIC_NO_PIC = NO;
				GCC_NO_COMMON_BLOCKS = YES;
				GCC_OPTIMIZATION_LEVEL = 0;
				GCC_PREPROCESSOR_DEFINITIONS = (
					"DEBUG=1",
					"$(inherited)",
				);
				GCC_WARN_64_TO_32_BIT_CONVERSION = YES;
				GCC_WARN_ABOUT_RETURN_TYPE = YES_ERROR;
				GCC_WARN_UNDECLARED_SELECTOR = YES;
				GCC_WARN_UNINITIALIZED_AUTOS = YES_AGGRESSIVE;
				GCC_WARN_UNUSED_FUNCTION = YES;
				GCC_WARN_UNUSED_VARIABLE = YES;
				IPHONEOS_DEPLOYMENT_TARGET = 16.4;
				MTL_ENABLE_DEBUG_INFO = INCLUDE_SOURCE;
				MTL_FAST_MATH = YES;
				ONLY_ACTIVE_ARCH = YES;
				SDKROOT = iphoneos;
				SWIFT_ACTIVE_COMPILATION_CONDITIONS = DEBUG;
				SWIFT_OPTIMIZATION_LEVEL = "-Onone";
			};
			name = Debug;
		};
		9737D7882AA115E800F15B60 /* Release */ = {
			isa = XCBuildConfiguration;
			buildSettings = {
				ALWAYS_SEARCH_USER_PATHS = NO;
				CLANG_ANALYZER_NONNULL = YES;
				CLANG_ANALYZER_NUMBER_OBJECT_CONVERSION = YES_AGGRESSIVE;
				CLANG_CXX_LANGUAGE_STANDARD = "gnu++20";
				CLANG_ENABLE_MODULES = YES;
				CLANG_ENABLE_OBJC_ARC = YES;
				CLANG_ENABLE_OBJC_WEAK = YES;
				CLANG_WARN_BLOCK_CAPTURE_AUTORELEASING = YES;
				CLANG_WARN_BOOL_CONVERSION = YES;
				CLANG_WARN_COMMA = YES;
				CLANG_WARN_CONSTANT_CONVERSION = YES;
				CLANG_WARN_DEPRECATED_OBJC_IMPLEMENTATIONS = YES;
				CLANG_WARN_DIRECT_OBJC_ISA_USAGE = YES_ERROR;
				CLANG_WARN_DOCUMENTATION_COMMENTS = YES;
				CLANG_WARN_EMPTY_BODY = YES;
				CLANG_WARN_ENUM_CONVERSION = YES;
				CLANG_WARN_INFINITE_RECURSION = YES;
				CLANG_WARN_INT_CONVERSION = YES;
				CLANG_WARN_NON_LITERAL_NULL_CONVERSION = YES;
				CLANG_WARN_OBJC_IMPLICIT_RETAIN_SELF = YES;
				CLANG_WARN_OBJC_LITERAL_CONVERSION = YES;
				CLANG_WARN_OBJC_ROOT_CLASS = YES_ERROR;
				CLANG_WARN_QUOTED_INCLUDE_IN_FRAMEWORK_HEADER = YES;
				CLANG_WARN_RANGE_LOOP_ANALYSIS = YES;
				CLANG_WARN_STRICT_PROTOTYPES = YES;
				CLANG_WARN_SUSPICIOUS_MOVE = YES;
				CLANG_WARN_UNGUARDED_AVAILABILITY = YES_AGGRESSIVE;
				CLANG_WARN_UNREACHABLE_CODE = YES;
				CLANG_WARN__DUPLICATE_METHOD_MATCH = YES;
				COPY_PHASE_STRIP = NO;
				DEBUG_INFORMATION_FORMAT = "dwarf-with-dsym";
				ENABLE_NS_ASSERTIONS = NO;
				ENABLE_STRICT_OBJC_MSGSEND = YES;
				GCC_C_LANGUAGE_STANDARD = gnu11;
				GCC_NO_COMMON_BLOCKS = YES;
				GCC_WARN_64_TO_32_BIT_CONVERSION = YES;
				GCC_WARN_ABOUT_RETURN_TYPE = YES_ERROR;
				GCC_WARN_UNDECLARED_SELECTOR = YES;
				GCC_WARN_UNINITIALIZED_AUTOS = YES_AGGRESSIVE;
				GCC_WARN_UNUSED_FUNCTION = YES;
				GCC_WARN_UNUSED_VARIABLE = YES;
				IPHONEOS_DEPLOYMENT_TARGET = 16.4;
				MTL_ENABLE_DEBUG_INFO = NO;
				MTL_FAST_MATH = YES;
				SDKROOT = iphoneos;
				SWIFT_COMPILATION_MODE = wholemodule;
				SWIFT_OPTIMIZATION_LEVEL = "-O";
				VALIDATE_PRODUCT = YES;
			};
			name = Release;
		};
		9737D78A2AA115E800F15B60 /* Debug */ = {
			isa = XCBuildConfiguration;
			buildSettings = {
				ASSETCATALOG_COMPILER_APPICON_NAME = AppIcon;
				ASSETCATALOG_COMPILER_GLOBAL_ACCENT_COLOR_NAME = AccentColor;
				CODE_SIGN_STYLE = Automatic;
				CURRENT_PROJECT_VERSION = 1;
				DEVELOPMENT_ASSET_PATHS = "\"Todo List/Preview Content\"";
				DEVELOPMENT_TEAM = 68555DBBHA;
				ENABLE_PREVIEWS = YES;
				GENERATE_INFOPLIST_FILE = YES;
				INFOPLIST_KEY_CFBundleDisplayName = "Todo List";
				INFOPLIST_KEY_UIApplicationSceneManifest_Generation = YES;
				INFOPLIST_KEY_UIApplicationSupportsIndirectInputEvents = YES;
				INFOPLIST_KEY_UILaunchScreen_Generation = YES;
				INFOPLIST_KEY_UISupportedInterfaceOrientations = UIInterfaceOrientationPortrait;
				LD_RUNPATH_SEARCH_PATHS = (
					"$(inherited)",
					"@executable_path/Frameworks",
				);
				MARKETING_VERSION = 1.0;
				PRODUCT_BUNDLE_IDENTIFIER = "com.hsn.Todo-List";
				PRODUCT_NAME = "$(TARGET_NAME)";
				SWIFT_EMIT_LOC_STRINGS = YES;
				SWIFT_VERSION = 5.0;
				TARGETED_DEVICE_FAMILY = "1,2";
			};
			name = Debug;
		};
		9737D78B2AA115E800F15B60 /* Release */ = {
			isa = XCBuildConfiguration;
			buildSettings = {
				ASSETCATALOG_COMPILER_APPICON_NAME = AppIcon;
				ASSETCATALOG_COMPILER_GLOBAL_ACCENT_COLOR_NAME = AccentColor;
				CODE_SIGN_STYLE = Automatic;
				CURRENT_PROJECT_VERSION = 1;
				DEVELOPMENT_ASSET_PATHS = "\"Todo List/Preview Content\"";
				DEVELOPMENT_TEAM = 68555DBBHA;
				ENABLE_PREVIEWS = YES;
				GENERATE_INFOPLIST_FILE = YES;
				INFOPLIST_KEY_CFBundleDisplayName = "Todo List";
				INFOPLIST_KEY_UIApplicationSceneManifest_Generation = YES;
				INFOPLIST_KEY_UIApplicationSupportsIndirectInputEvents = YES;
				INFOPLIST_KEY_UILaunchScreen_Generation = YES;
				INFOPLIST_KEY_UISupportedInterfaceOrientations = UIInterfaceOrientationPortrait;
				LD_RUNPATH_SEARCH_PATHS = (
					"$(inherited)",
					"@executable_path/Frameworks",
				);
				MARKETING_VERSION = 1.0;
				PRODUCT_BUNDLE_IDENTIFIER = "com.hsn.Todo-List";
				PRODUCT_NAME = "$(TARGET_NAME)";
				SWIFT_EMIT_LOC_STRINGS = YES;
				SWIFT_VERSION = 5.0;
				TARGETED_DEVICE_FAMILY = "1,2";
			};
			name = Release;
		};
/* End XCBuildConfiguration section */

/* Begin XCConfigurationList section */
		9737D7762AA115E600F15B60 /* Build configuration list for PBXProject "Todo List" */ = {
			isa = XCConfigurationList;
			buildConfigurations = (
				9737D7872AA115E800F15B60 /* Debug */,
				9737D7882AA115E800F15B60 /* Release */,
			);
			defaultConfigurationIsVisible = 0;
			defaultConfigurationName = Release;
		};
		9737D7892AA115E800F15B60 /* Build configuration list for PBXNativeTarget "Todo List" */ = {
			isa = XCConfigurationList;
			buildConfigurations = (
				9737D78A2AA115E800F15B60 /* Debug */,
				9737D78B2AA115E800F15B60 /* Release */,
			);
			defaultConfigurationIsVisible = 0;
			defaultConfigurationName = Release;
		};
/* End XCConfigurationList section */

/* Begin XCRemoteSwiftPackageReference section */
		9737D7902AA11A4600F15B60 /* XCRemoteSwiftPackageReference "firebase-ios-sdk" */ = {
			isa = XCRemoteSwiftPackageReference;
			repositoryURL = "https://github.com/firebase/firebase-ios-sdk.git";
			requirement = {
				kind = upToNextMajorVersion;
				minimumVersion = 10.0.0;
			};
		};
/* End XCRemoteSwiftPackageReference section */

/* Begin XCSwiftPackageProductDependency section */
		9737D7912AA11A4600F15B60 /* FirebaseAuth */ = {
			isa = XCSwiftPackageProductDependency;
			package = 9737D7902AA11A4600F15B60 /* XCRemoteSwiftPackageReference "firebase-ios-sdk" */;
			productName = FirebaseAuth;
		};
		9737D7932AA11A4600F15B60 /* FirebaseFirestore */ = {
			isa = XCSwiftPackageProductDependency;
			package = 9737D7902AA11A4600F15B60 /* XCRemoteSwiftPackageReference "firebase-ios-sdk" */;
			productName = FirebaseFirestore;
		};
		9737D7952AA11A4600F15B60 /* FirebaseFirestoreSwift */ = {
			isa = XCSwiftPackageProductDependency;
			package = 9737D7902AA11A4600F15B60 /* XCRemoteSwiftPackageReference "firebase-ios-sdk" */;
			productName = FirebaseFirestoreSwift;
		};
/* End XCSwiftPackageProductDependency section */
	};
	rootObject = 9737D7732AA115E600F15B60 /* Project object */;
}
